
Microsoft Visual Studio Solution File, Format Version 12.00
# Visual Studio Version 16
VisualStudioVersion = 16.0.31729.503
MinimumVisualStudioVersion = 10.0.40219.1
Project("{FAE04EC0-301F-11D3-BF4B-00C04F79EFBC}") = "SimpleCalculator", "SimpleCalculator\SimpleCalculator.csproj", "{F3F9C9FA-1EC2-4A4E-9EE4-815D6CDCA4F4}"
EndProject
Project("{FAE04EC0-301F-11D3-BF4B-00C04F79EFBC}") = "Logic", "Logic\Logic.csproj", "{A55580CB-624F-4E6D-B92A-DD0E96653D1D}"
EndProject
Project("{FAE04EC0-301F-11D3-BF4B-00C04F79EFBC}") = "DataAccess", "DataAccess\DataAccess.csproj", "{E45429E6-F85C-44BB-9BDA-7901F247E719}"
EndProject
Project("{FAE04EC0-301F-11D3-BF4B-00C04F79EFBC}") = "UnitTest", "UnitTest\UnitTest.csproj", "{84A76119-32A2-4C3E-AAE3-AFB1D269622A}"
EndProject
Global
	GlobalSection(SolutionConfigurationPlatforms) = preSolution
		Debug|Any CPU = Debug|Any CPU
		Release|Any CPU = Release|Any CPU
	EndGlobalSection
	GlobalSection(ProjectConfigurationPlatforms) = postSolution
		{F3F9C9FA-1EC2-4A4E-9EE4-815D6CDCA4F4}.Debug|Any CPU.ActiveCfg = Debug|Any CPU
		{F3F9C9FA-1EC2-4A4E-9EE4-815D6CDCA4F4}.Debug|Any CPU.Build.0 = Debug|Any CPU
		{F3F9C9FA-1EC2-4A4E-9EE4-815D6CDCA4F4}.Release|Any CPU.ActiveCfg = Release|Any CPU
		{F3F9C9FA-1EC2-4A4E-9EE4-815D6CDCA4F4}.Release|Any CPU.Build.0 = Release|Any CPU
		{A55580CB-624F-4E6D-B92A-DD0E96653D1D}.Debug|Any CPU.ActiveCfg = Debug|Any CPU
		{A55580CB-624F-4E6D-B92A-DD0E96653D1D}.Debug|Any CPU.Build.0 = Debug|Any CPU
		{A55580CB-624F-4E6D-B92A-DD0E96653D1D}.Release|Any CPU.ActiveCfg = Release|Any CPU
		{A55580CB-624F-4E6D-B92A-DD0E96653D1D}.Release|Any CPU.Build.0 = Release|Any CPU
		{E45429E6-F85C-44BB-9BDA-7901F247E719}.Debug|Any CPU.ActiveCfg = Debug|Any CPU
		{E45429E6-F85C-44BB-9BDA-7901F247E719}.Debug|Any CPU.Build.0 = Debug|Any CPU
		{E45429E6-F85C-44BB-9BDA-7901F247E719}.Release|Any CPU.ActiveCfg = Release|Any CPU
		{E45429E6-F85C-44BB-9BDA-7901F247E719}.Release|Any CPU.Build.0 = Release|Any CPU
		{84A76119-32A2-4C3E-AAE3-AFB1D269622A}.Debug|Any CPU.ActiveCfg = Debug|Any CPU
		{84A76119-32A2-4C3E-AAE3-AFB1D269622A}.Debug|Any CPU.Build.0 = Debug|Any CPU
		{84A76119-32A2-4C3E-AAE3-AFB1D269622A}.Release|Any CPU.ActiveCfg = Release|Any CPU
		{84A76119-32A2-4C3E-AAE3-AFB1D269622A}.Release|Any CPU.Build.0 = Release|Any CPU
	EndGlobalSection
	GlobalSection(SolutionProperties) = preSolution
		HideSolutionNode = FALSE
	EndGlobalSection
	GlobalSection(ExtensibilityGlobals) = postSolution
		SolutionGuid = {1F70EDF9-71B5-4959-8D3F-E32147D6EDC4}
	EndGlobalSection
EndGlobal
